
Microsoft Visual Studio Solution File, Format Version 12.00
# Visual Studio Version 16
VisualStudioVersion = 16.0.29519.87
MinimumVisualStudioVersion = 10.0.40219.1
Project("{FAE04EC0-301F-11D3-BF4B-00C04F79EFBC}") = "Trees", "Trees\Trees.csproj", "{A26CA3E7-F800-4688-9457-C9D8812841FC}"
EndProject
Global
	GlobalSection(SolutionConfigurationPlatforms) = preSolution
		Debug|Any CPU = Debug|Any CPU
		Release|Any CPU = Release|Any CPU
	EndGlobalSection
	GlobalSection(ProjectConfigurationPlatforms) = postSolution
		{A26CA3E7-F800-4688-9457-C9D8812841FC}.Debug|Any CPU.ActiveCfg = Debug|Any CPU
		{A26CA3E7-F800-4688-9457-C9D8812841FC}.Debug|Any CPU.Build.0 = Debug|Any CPU
		{A26CA3E7-F800-4688-9457-C9D8812841FC}.Release|Any CPU.ActiveCfg = Release|Any CPU
		{A26CA3E7-F800-4688-9457-C9D8812841FC}.Release|Any CPU.Build.0 = Release|Any CPU
	EndGlobalSection
	GlobalSection(SolutionProperties) = preSolution
		HideSolutionNode = FALSE
	EndGlobalSection
	GlobalSection(ExtensibilityGlobals) = postSolution
		SolutionGuid = {BDB46603-98AB-4740-B9B9-113432523508}
	EndGlobalSection
EndGlobal
